
Microsoft Visual Studio Solution File, Format Version 12.00
# Visual Studio 15
VisualStudioVersion = 15.0.26124.0
MinimumVisualStudioVersion = 15.0.26124.0
Project("{2150E333-8FDC-42A3-9474-1A3956D46DE8}") = "src", "src", "{D1E31D88-CB24-48E3-AC51-35285BCE3325}"
EndProject
Project("{F2A71F9B-5D33-465A-A702-920D77279786}") = "Forest.ConsoleWriter", "src\Forest.ConsoleWriter\Forest.ConsoleWriter.fsproj", "{53D625FE-DC75-4CC1-9381-25E48DF80B95}"
EndProject
Project("{F2A71F9B-5D33-465A-A702-920D77279786}") = "Forest.FileWriter", "src\Forest.FileWriter\Forest.FileWriter.fsproj", "{E345C4F8-7788-4B11-B6CE-792E3FFB1BB2}"
EndProject
Project("{F2A71F9B-5D33-465A-A702-920D77279786}") = "Forest", "src\Forest\Forest.fsproj", "{DF616CBC-7700-4C96-A89C-C5974E492922}"
EndProject
Project("{2150E333-8FDC-42A3-9474-1A3956D46DE8}") = "test", "test", "{24DFCC89-A191-484C-9D27-7995907816EF}"
EndProject
Project("{F2A71F9B-5D33-465A-A702-920D77279786}") = "Forest.Test.ConsoleWriter", "test\Forest.Test.ConsoleWriter\Forest.Test.ConsoleWriter.fsproj", "{5810CBCE-3D4F-4035-B711-5D12F9BF09EC}"
EndProject
Project("{F2A71F9B-5D33-465A-A702-920D77279786}") = "Forest.Test.FileWriter", "test\Forest.Test.FileWriter\Forest.Test.FileWriter.fsproj", "{E750B8A8-3893-4B17-AE2A-BEF2B9AA22F2}"
EndProject
Project("{F2A71F9B-5D33-465A-A702-920D77279786}") = "Forest.Test", "test\Forest.Test\Forest.Test.fsproj", "{614FAAB6-C91D-4DAB-A755-E3F057B86BEB}"
EndProject
Global
	GlobalSection(SolutionConfigurationPlatforms) = preSolution
		Debug|Any CPU = Debug|Any CPU
		Debug|x64 = Debug|x64
		Debug|x86 = Debug|x86
		Release|Any CPU = Release|Any CPU
		Release|x64 = Release|x64
		Release|x86 = Release|x86
	EndGlobalSection
	GlobalSection(SolutionProperties) = preSolution
		HideSolutionNode = FALSE
	EndGlobalSection
	GlobalSection(ProjectConfigurationPlatforms) = postSolution
		{53D625FE-DC75-4CC1-9381-25E48DF80B95}.Debug|Any CPU.ActiveCfg = Debug|Any CPU
		{53D625FE-DC75-4CC1-9381-25E48DF80B95}.Debug|Any CPU.Build.0 = Debug|Any CPU
		{53D625FE-DC75-4CC1-9381-25E48DF80B95}.Debug|x64.ActiveCfg = Debug|Any CPU
		{53D625FE-DC75-4CC1-9381-25E48DF80B95}.Debug|x64.Build.0 = Debug|Any CPU
		{53D625FE-DC75-4CC1-9381-25E48DF80B95}.Debug|x86.ActiveCfg = Debug|Any CPU
		{53D625FE-DC75-4CC1-9381-25E48DF80B95}.Debug|x86.Build.0 = Debug|Any CPU
		{53D625FE-DC75-4CC1-9381-25E48DF80B95}.Release|Any CPU.ActiveCfg = Release|Any CPU
		{53D625FE-DC75-4CC1-9381-25E48DF80B95}.Release|Any CPU.Build.0 = Release|Any CPU
		{53D625FE-DC75-4CC1-9381-25E48DF80B95}.Release|x64.ActiveCfg = Release|Any CPU
		{53D625FE-DC75-4CC1-9381-25E48DF80B95}.Release|x64.Build.0 = Release|Any CPU
		{53D625FE-DC75-4CC1-9381-25E48DF80B95}.Release|x86.ActiveCfg = Release|Any CPU
		{53D625FE-DC75-4CC1-9381-25E48DF80B95}.Release|x86.Build.0 = Release|Any CPU
		{E345C4F8-7788-4B11-B6CE-792E3FFB1BB2}.Debug|Any CPU.ActiveCfg = Debug|Any CPU
		{E345C4F8-7788-4B11-B6CE-792E3FFB1BB2}.Debug|Any CPU.Build.0 = Debug|Any CPU
		{E345C4F8-7788-4B11-B6CE-792E3FFB1BB2}.Debug|x64.ActiveCfg = Debug|Any CPU
		{E345C4F8-7788-4B11-B6CE-792E3FFB1BB2}.Debug|x64.Build.0 = Debug|Any CPU
		{E345C4F8-7788-4B11-B6CE-792E3FFB1BB2}.Debug|x86.ActiveCfg = Debug|Any CPU
		{E345C4F8-7788-4B11-B6CE-792E3FFB1BB2}.Debug|x86.Build.0 = Debug|Any CPU
		{E345C4F8-7788-4B11-B6CE-792E3FFB1BB2}.Release|Any CPU.ActiveCfg = Release|Any CPU
		{E345C4F8-7788-4B11-B6CE-792E3FFB1BB2}.Release|Any CPU.Build.0 = Release|Any CPU
		{E345C4F8-7788-4B11-B6CE-792E3FFB1BB2}.Release|x64.ActiveCfg = Release|Any CPU
		{E345C4F8-7788-4B11-B6CE-792E3FFB1BB2}.Release|x64.Build.0 = Release|Any CPU
		{E345C4F8-7788-4B11-B6CE-792E3FFB1BB2}.Release|x86.ActiveCfg = Release|Any CPU
		{E345C4F8-7788-4B11-B6CE-792E3FFB1BB2}.Release|x86.Build.0 = Release|Any CPU
		{DF616CBC-7700-4C96-A89C-C5974E492922}.Debug|Any CPU.ActiveCfg = Debug|Any CPU
		{DF616CBC-7700-4C96-A89C-C5974E492922}.Debug|Any CPU.Build.0 = Debug|Any CPU
		{DF616CBC-7700-4C96-A89C-C5974E492922}.Debug|x64.ActiveCfg = Debug|Any CPU
		{DF616CBC-7700-4C96-A89C-C5974E492922}.Debug|x64.Build.0 = Debug|Any CPU
		{DF616CBC-7700-4C96-A89C-C5974E492922}.Debug|x86.ActiveCfg = Debug|Any CPU
		{DF616CBC-7700-4C96-A89C-C5974E492922}.Debug|x86.Build.0 = Debug|Any CPU
		{DF616CBC-7700-4C96-A89C-C5974E492922}.Release|Any CPU.ActiveCfg = Release|Any CPU
		{DF616CBC-7700-4C96-A89C-C5974E492922}.Release|Any CPU.Build.0 = Release|Any CPU
		{DF616CBC-7700-4C96-A89C-C5974E492922}.Release|x64.ActiveCfg = Release|Any CPU
		{DF616CBC-7700-4C96-A89C-C5974E492922}.Release|x64.Build.0 = Release|Any CPU
		{DF616CBC-7700-4C96-A89C-C5974E492922}.Release|x86.ActiveCfg = Release|Any CPU
		{DF616CBC-7700-4C96-A89C-C5974E492922}.Release|x86.Build.0 = Release|Any CPU
		{5810CBCE-3D4F-4035-B711-5D12F9BF09EC}.Debug|Any CPU.ActiveCfg = Debug|Any CPU
		{5810CBCE-3D4F-4035-B711-5D12F9BF09EC}.Debug|Any CPU.Build.0 = Debug|Any CPU
		{5810CBCE-3D4F-4035-B711-5D12F9BF09EC}.Debug|x64.ActiveCfg = Debug|Any CPU
		{5810CBCE-3D4F-4035-B711-5D12F9BF09EC}.Debug|x64.Build.0 = Debug|Any CPU
		{5810CBCE-3D4F-4035-B711-5D12F9BF09EC}.Debug|x86.ActiveCfg = Debug|Any CPU
		{5810CBCE-3D4F-4035-B711-5D12F9BF09EC}.Debug|x86.Build.0 = Debug|Any CPU
		{5810CBCE-3D4F-4035-B711-5D12F9BF09EC}.Release|Any CPU.ActiveCfg = Release|Any CPU
		{5810CBCE-3D4F-4035-B711-5D12F9BF09EC}.Release|Any CPU.Build.0 = Release|Any CPU
		{5810CBCE-3D4F-4035-B711-5D12F9BF09EC}.Release|x64.ActiveCfg = Release|Any CPU
		{5810CBCE-3D4F-4035-B711-5D12F9BF09EC}.Release|x64.Build.0 = Release|Any CPU
		{5810CBCE-3D4F-4035-B711-5D12F9BF09EC}.Release|x86.ActiveCfg = Release|Any CPU
		{5810CBCE-3D4F-4035-B711-5D12F9BF09EC}.Release|x86.Build.0 = Release|Any CPU
		{E750B8A8-3893-4B17-AE2A-BEF2B9AA22F2}.Debug|Any CPU.ActiveCfg = Debug|Any CPU
		{E750B8A8-3893-4B17-AE2A-BEF2B9AA22F2}.Debug|Any CPU.Build.0 = Debug|Any CPU
		{E750B8A8-3893-4B17-AE2A-BEF2B9AA22F2}.Debug|x64.ActiveCfg = Debug|Any CPU
		{E750B8A8-3893-4B17-AE2A-BEF2B9AA22F2}.Debug|x64.Build.0 = Debug|Any CPU
		{E750B8A8-3893-4B17-AE2A-BEF2B9AA22F2}.Debug|x86.ActiveCfg = Debug|Any CPU
		{E750B8A8-3893-4B17-AE2A-BEF2B9AA22F2}.Debug|x86.Build.0 = Debug|Any CPU
		{E750B8A8-3893-4B17-AE2A-BEF2B9AA22F2}.Release|Any CPU.ActiveCfg = Release|Any CPU
		{E750B8A8-3893-4B17-AE2A-BEF2B9AA22F2}.Release|Any CPU.Build.0 = Release|Any CPU
		{E750B8A8-3893-4B17-AE2A-BEF2B9AA22F2}.Release|x64.ActiveCfg = Release|Any CPU
		{E750B8A8-3893-4B17-AE2A-BEF2B9AA22F2}.Release|x64.Build.0 = Release|Any CPU
		{E750B8A8-3893-4B17-AE2A-BEF2B9AA22F2}.Release|x86.ActiveCfg = Release|Any CPU
		{E750B8A8-3893-4B17-AE2A-BEF2B9AA22F2}.Release|x86.Build.0 = Release|Any CPU
		{614FAAB6-C91D-4DAB-A755-E3F057B86BEB}.Debug|Any CPU.ActiveCfg = Debug|Any CPU
		{614FAAB6-C91D-4DAB-A755-E3F057B86BEB}.Debug|Any CPU.Build.0 = Debug|Any CPU
		{614FAAB6-C91D-4DAB-A755-E3F057B86BEB}.Debug|x64.ActiveCfg = Debug|Any CPU
		{614FAAB6-C91D-4DAB-A755-E3F057B86BEB}.Debug|x64.Build.0 = Debug|Any CPU
		{614FAAB6-C91D-4DAB-A755-E3F057B86BEB}.Debug|x86.ActiveCfg = Debug|Any CPU
		{614FAAB6-C91D-4DAB-A755-E3F057B86BEB}.Debug|x86.Build.0 = Debug|Any CPU
		{614FAAB6-C91D-4DAB-A755-E3F057B86BEB}.Release|Any CPU.ActiveCfg = Release|Any CPU
		{614FAAB6-C91D-4DAB-A755-E3F057B86BEB}.Release|Any CPU.Build.0 = Release|Any CPU
		{614FAAB6-C91D-4DAB-A755-E3F057B86BEB}.Release|x64.ActiveCfg = Release|Any CPU
		{614FAAB6-C91D-4DAB-A755-E3F057B86BEB}.Release|x64.Build.0 = Release|Any CPU
		{614FAAB6-C91D-4DAB-A755-E3F057B86BEB}.Release|x86.ActiveCfg = Release|Any CPU
		{614FAAB6-C91D-4DAB-A755-E3F057B86BEB}.Release|x86.Build.0 = Release|Any CPU
	EndGlobalSection
	GlobalSection(NestedProjects) = preSolution
		{53D625FE-DC75-4CC1-9381-25E48DF80B95} = {D1E31D88-CB24-48E3-AC51-35285BCE3325}
		{E345C4F8-7788-4B11-B6CE-792E3FFB1BB2} = {D1E31D88-CB24-48E3-AC51-35285BCE3325}
		{DF616CBC-7700-4C96-A89C-C5974E492922} = {D1E31D88-CB24-48E3-AC51-35285BCE3325}
		{5810CBCE-3D4F-4035-B711-5D12F9BF09EC} = {24DFCC89-A191-484C-9D27-7995907816EF}
		{E750B8A8-3893-4B17-AE2A-BEF2B9AA22F2} = {24DFCC89-A191-484C-9D27-7995907816EF}
		{614FAAB6-C91D-4DAB-A755-E3F057B86BEB} = {24DFCC89-A191-484C-9D27-7995907816EF}
	EndGlobalSection
EndGlobal
