
Microsoft Visual Studio Solution File, Format Version 12.00
# Visual Studio 15
VisualStudioVersion = 15.0.26124.0
MinimumVisualStudioVersion = 15.0.26124.0
Project("{2150E333-8FDC-42A3-9474-1A3956D46DE8}") = "src", "src", "{DDCE2DBB-03B9-4ACD-8C75-59F8AC06C160}"
EndProject
Project("{F2A71F9B-5D33-465A-A702-920D77279786}") = "Forest", "src\Forest\Forest.fsproj", "{434C4DF5-24D2-4F56-987D-0182FB88159E}"
EndProject
Project("{F2A71F9B-5D33-465A-A702-920D77279786}") = "ConsoleWriter", "src\ConsoleWriter\ConsoleWriter.fsproj", "{D0F2143F-745C-40EF-8C26-2A690909EF48}"
EndProject
Project("{F2A71F9B-5D33-465A-A702-920D77279786}") = "FileWriter", "src\FileWriter\FileWriter.fsproj", "{682FB2D0-B08D-497C-AB7A-F5FEDF2ED123}"
EndProject
Project("{2150E333-8FDC-42A3-9474-1A3956D46DE8}") = "test", "test", "{079FAA54-63A8-4A26-8D15-79AB87E8B177}"
EndProject
Project("{F2A71F9B-5D33-465A-A702-920D77279786}") = "ConsoleWriterTest", "test\ConsoleWriterTest\ConsoleWriterTest.fsproj", "{D7719185-F33B-429D-90EA-13F502F28155}"
EndProject
Project("{F2A71F9B-5D33-465A-A702-920D77279786}") = "FileWriterTest", "test\FileWriterTest\FileWriterTest.fsproj", "{FB774A81-259F-4886-A6D5-9EE290A60D43}"
EndProject
Project("{F2A71F9B-5D33-465A-A702-920D77279786}") = "ForestTest", "test\ForestTest\ForestTest.fsproj", "{C505B88A-5B21-4DCE-818E-3F82AE0C34D6}"
EndProject
Global
	GlobalSection(SolutionConfigurationPlatforms) = preSolution
		Debug|Any CPU = Debug|Any CPU
		Debug|x64 = Debug|x64
		Debug|x86 = Debug|x86
		Release|Any CPU = Release|Any CPU
		Release|x64 = Release|x64
		Release|x86 = Release|x86
	EndGlobalSection
	GlobalSection(SolutionProperties) = preSolution
		HideSolutionNode = FALSE
	EndGlobalSection
	GlobalSection(ProjectConfigurationPlatforms) = postSolution
		{434C4DF5-24D2-4F56-987D-0182FB88159E}.Debug|Any CPU.ActiveCfg = Debug|Any CPU
		{434C4DF5-24D2-4F56-987D-0182FB88159E}.Debug|Any CPU.Build.0 = Debug|Any CPU
		{434C4DF5-24D2-4F56-987D-0182FB88159E}.Debug|x64.ActiveCfg = Debug|Any CPU
		{434C4DF5-24D2-4F56-987D-0182FB88159E}.Debug|x64.Build.0 = Debug|Any CPU
		{434C4DF5-24D2-4F56-987D-0182FB88159E}.Debug|x86.ActiveCfg = Debug|Any CPU
		{434C4DF5-24D2-4F56-987D-0182FB88159E}.Debug|x86.Build.0 = Debug|Any CPU
		{434C4DF5-24D2-4F56-987D-0182FB88159E}.Release|Any CPU.ActiveCfg = Release|Any CPU
		{434C4DF5-24D2-4F56-987D-0182FB88159E}.Release|Any CPU.Build.0 = Release|Any CPU
		{434C4DF5-24D2-4F56-987D-0182FB88159E}.Release|x64.ActiveCfg = Release|Any CPU
		{434C4DF5-24D2-4F56-987D-0182FB88159E}.Release|x64.Build.0 = Release|Any CPU
		{434C4DF5-24D2-4F56-987D-0182FB88159E}.Release|x86.ActiveCfg = Release|Any CPU
		{434C4DF5-24D2-4F56-987D-0182FB88159E}.Release|x86.Build.0 = Release|Any CPU
		{D0F2143F-745C-40EF-8C26-2A690909EF48}.Debug|Any CPU.ActiveCfg = Debug|Any CPU
		{D0F2143F-745C-40EF-8C26-2A690909EF48}.Debug|Any CPU.Build.0 = Debug|Any CPU
		{D0F2143F-745C-40EF-8C26-2A690909EF48}.Debug|x64.ActiveCfg = Debug|Any CPU
		{D0F2143F-745C-40EF-8C26-2A690909EF48}.Debug|x64.Build.0 = Debug|Any CPU
		{D0F2143F-745C-40EF-8C26-2A690909EF48}.Debug|x86.ActiveCfg = Debug|Any CPU
		{D0F2143F-745C-40EF-8C26-2A690909EF48}.Debug|x86.Build.0 = Debug|Any CPU
		{D0F2143F-745C-40EF-8C26-2A690909EF48}.Release|Any CPU.ActiveCfg = Release|Any CPU
		{D0F2143F-745C-40EF-8C26-2A690909EF48}.Release|Any CPU.Build.0 = Release|Any CPU
		{D0F2143F-745C-40EF-8C26-2A690909EF48}.Release|x64.ActiveCfg = Release|Any CPU
		{D0F2143F-745C-40EF-8C26-2A690909EF48}.Release|x64.Build.0 = Release|Any CPU
		{D0F2143F-745C-40EF-8C26-2A690909EF48}.Release|x86.ActiveCfg = Release|Any CPU
		{D0F2143F-745C-40EF-8C26-2A690909EF48}.Release|x86.Build.0 = Release|Any CPU
		{682FB2D0-B08D-497C-AB7A-F5FEDF2ED123}.Debug|Any CPU.ActiveCfg = Debug|Any CPU
		{682FB2D0-B08D-497C-AB7A-F5FEDF2ED123}.Debug|Any CPU.Build.0 = Debug|Any CPU
		{682FB2D0-B08D-497C-AB7A-F5FEDF2ED123}.Debug|x64.ActiveCfg = Debug|Any CPU
		{682FB2D0-B08D-497C-AB7A-F5FEDF2ED123}.Debug|x64.Build.0 = Debug|Any CPU
		{682FB2D0-B08D-497C-AB7A-F5FEDF2ED123}.Debug|x86.ActiveCfg = Debug|Any CPU
		{682FB2D0-B08D-497C-AB7A-F5FEDF2ED123}.Debug|x86.Build.0 = Debug|Any CPU
		{682FB2D0-B08D-497C-AB7A-F5FEDF2ED123}.Release|Any CPU.ActiveCfg = Release|Any CPU
		{682FB2D0-B08D-497C-AB7A-F5FEDF2ED123}.Release|Any CPU.Build.0 = Release|Any CPU
		{682FB2D0-B08D-497C-AB7A-F5FEDF2ED123}.Release|x64.ActiveCfg = Release|Any CPU
		{682FB2D0-B08D-497C-AB7A-F5FEDF2ED123}.Release|x64.Build.0 = Release|Any CPU
		{682FB2D0-B08D-497C-AB7A-F5FEDF2ED123}.Release|x86.ActiveCfg = Release|Any CPU
		{682FB2D0-B08D-497C-AB7A-F5FEDF2ED123}.Release|x86.Build.0 = Release|Any CPU
		{D7719185-F33B-429D-90EA-13F502F28155}.Debug|Any CPU.ActiveCfg = Debug|Any CPU
		{D7719185-F33B-429D-90EA-13F502F28155}.Debug|Any CPU.Build.0 = Debug|Any CPU
		{D7719185-F33B-429D-90EA-13F502F28155}.Debug|x64.ActiveCfg = Debug|Any CPU
		{D7719185-F33B-429D-90EA-13F502F28155}.Debug|x64.Build.0 = Debug|Any CPU
		{D7719185-F33B-429D-90EA-13F502F28155}.Debug|x86.ActiveCfg = Debug|Any CPU
		{D7719185-F33B-429D-90EA-13F502F28155}.Debug|x86.Build.0 = Debug|Any CPU
		{D7719185-F33B-429D-90EA-13F502F28155}.Release|Any CPU.ActiveCfg = Release|Any CPU
		{D7719185-F33B-429D-90EA-13F502F28155}.Release|Any CPU.Build.0 = Release|Any CPU
		{D7719185-F33B-429D-90EA-13F502F28155}.Release|x64.ActiveCfg = Release|Any CPU
		{D7719185-F33B-429D-90EA-13F502F28155}.Release|x64.Build.0 = Release|Any CPU
		{D7719185-F33B-429D-90EA-13F502F28155}.Release|x86.ActiveCfg = Release|Any CPU
		{D7719185-F33B-429D-90EA-13F502F28155}.Release|x86.Build.0 = Release|Any CPU
		{FB774A81-259F-4886-A6D5-9EE290A60D43}.Debug|Any CPU.ActiveCfg = Debug|Any CPU
		{FB774A81-259F-4886-A6D5-9EE290A60D43}.Debug|Any CPU.Build.0 = Debug|Any CPU
		{FB774A81-259F-4886-A6D5-9EE290A60D43}.Debug|x64.ActiveCfg = Debug|Any CPU
		{FB774A81-259F-4886-A6D5-9EE290A60D43}.Debug|x64.Build.0 = Debug|Any CPU
		{FB774A81-259F-4886-A6D5-9EE290A60D43}.Debug|x86.ActiveCfg = Debug|Any CPU
		{FB774A81-259F-4886-A6D5-9EE290A60D43}.Debug|x86.Build.0 = Debug|Any CPU
		{FB774A81-259F-4886-A6D5-9EE290A60D43}.Release|Any CPU.ActiveCfg = Release|Any CPU
		{FB774A81-259F-4886-A6D5-9EE290A60D43}.Release|Any CPU.Build.0 = Release|Any CPU
		{FB774A81-259F-4886-A6D5-9EE290A60D43}.Release|x64.ActiveCfg = Release|Any CPU
		{FB774A81-259F-4886-A6D5-9EE290A60D43}.Release|x64.Build.0 = Release|Any CPU
		{FB774A81-259F-4886-A6D5-9EE290A60D43}.Release|x86.ActiveCfg = Release|Any CPU
		{FB774A81-259F-4886-A6D5-9EE290A60D43}.Release|x86.Build.0 = Release|Any CPU
		{C505B88A-5B21-4DCE-818E-3F82AE0C34D6}.Debug|Any CPU.ActiveCfg = Debug|Any CPU
		{C505B88A-5B21-4DCE-818E-3F82AE0C34D6}.Debug|Any CPU.Build.0 = Debug|Any CPU
		{C505B88A-5B21-4DCE-818E-3F82AE0C34D6}.Debug|x64.ActiveCfg = Debug|Any CPU
		{C505B88A-5B21-4DCE-818E-3F82AE0C34D6}.Debug|x64.Build.0 = Debug|Any CPU
		{C505B88A-5B21-4DCE-818E-3F82AE0C34D6}.Debug|x86.ActiveCfg = Debug|Any CPU
		{C505B88A-5B21-4DCE-818E-3F82AE0C34D6}.Debug|x86.Build.0 = Debug|Any CPU
		{C505B88A-5B21-4DCE-818E-3F82AE0C34D6}.Release|Any CPU.ActiveCfg = Release|Any CPU
		{C505B88A-5B21-4DCE-818E-3F82AE0C34D6}.Release|Any CPU.Build.0 = Release|Any CPU
		{C505B88A-5B21-4DCE-818E-3F82AE0C34D6}.Release|x64.ActiveCfg = Release|Any CPU
		{C505B88A-5B21-4DCE-818E-3F82AE0C34D6}.Release|x64.Build.0 = Release|Any CPU
		{C505B88A-5B21-4DCE-818E-3F82AE0C34D6}.Release|x86.ActiveCfg = Release|Any CPU
		{C505B88A-5B21-4DCE-818E-3F82AE0C34D6}.Release|x86.Build.0 = Release|Any CPU
	EndGlobalSection
	GlobalSection(NestedProjects) = preSolution
		{434C4DF5-24D2-4F56-987D-0182FB88159E} = {DDCE2DBB-03B9-4ACD-8C75-59F8AC06C160}
		{D0F2143F-745C-40EF-8C26-2A690909EF48} = {DDCE2DBB-03B9-4ACD-8C75-59F8AC06C160}
		{682FB2D0-B08D-497C-AB7A-F5FEDF2ED123} = {DDCE2DBB-03B9-4ACD-8C75-59F8AC06C160}
		{D7719185-F33B-429D-90EA-13F502F28155} = {079FAA54-63A8-4A26-8D15-79AB87E8B177}
		{FB774A81-259F-4886-A6D5-9EE290A60D43} = {079FAA54-63A8-4A26-8D15-79AB87E8B177}
		{C505B88A-5B21-4DCE-818E-3F82AE0C34D6} = {079FAA54-63A8-4A26-8D15-79AB87E8B177}
	EndGlobalSection
EndGlobal
